
Microsoft Visual Studio Solution File, Format Version 12.00
# Visual Studio Version 17
VisualStudioVersion = 17.7.34031.279
MinimumVisualStudioVersion = 10.0.40219.1
Project("{FAE04EC0-301F-11D3-BF4B-00C04F79EFBC}") = "UT6_Personas_DanielGomis-Vistas", "UT6_Personas_DanielGomis-Vistas.csproj", "{C9D35A12-A2F8-4F49-B43D-92A3A2FC9820}"
EndProject
Global
	GlobalSection(SolutionConfigurationPlatforms) = preSolution
		Debug|Any CPU = Debug|Any CPU
		Release|Any CPU = Release|Any CPU
	EndGlobalSection
	GlobalSection(ProjectConfigurationPlatforms) = postSolution
		{C9D35A12-A2F8-4F49-B43D-92A3A2FC9820}.Debug|Any CPU.ActiveCfg = Debug|Any CPU
		{C9D35A12-A2F8-4F49-B43D-92A3A2FC9820}.Debug|Any CPU.Build.0 = Debug|Any CPU
		{C9D35A12-A2F8-4F49-B43D-92A3A2FC9820}.Release|Any CPU.ActiveCfg = Release|Any CPU
		{C9D35A12-A2F8-4F49-B43D-92A3A2FC9820}.Release|Any CPU.Build.0 = Release|Any CPU
	EndGlobalSection
	GlobalSection(SolutionProperties) = preSolution
		HideSolutionNode = FALSE
	EndGlobalSection
	GlobalSection(ExtensibilityGlobals) = postSolution
		SolutionGuid = {DAC5512D-8D33-45C8-9630-C73A626E5728}
	EndGlobalSection
EndGlobal
